PODS:
  - Kiwi (2.3.1)
  - M2DWebViewController (2.0.0)

DEPENDENCIES:
  - Kiwi
  - M2DWebViewController (from `../`)

SPEC REPOS:
  https://github.com/CocoaPods/Specs.git:
    - Kiwi

EXTERNAL SOURCES:
  M2DWebViewController:
    :path: "../"

SPEC CHECKSUMS:
  Kiwi: f038a6c61f7a9e4d7766bff5717aa3b3fdb75f55
  M2DWebViewController: 86769c678269beb89f3da889638497ed37436fbc

PODFILE CHECKSUM: 9904dd9a6cc16ef0e04b67ff74c5ec447aa1deee

COCOAPODS: 1.9.3
